
Microsoft Visual Studio Solution File, Format Version 12.00
# Visual Studio Version 17
VisualStudioVersion = 17.0.31903.59
MinimumVisualStudioVersion = 10.0.40219.1
Project("{2150E333-8FDC-42A3-9474-1A3956D46DE8}") = "src", "src", "{827E0CD3-B72D-47B6-A68D-7590B98EB39B}"
EndProject
Project("{FAE04EC0-301F-11D3-BF4B-00C04F79EFBC}") = "CaroGame.Core", "src\CaroGame.Core\CaroGame.Core.csproj", "{94F99E3E-997E-4DBF-BFA5-5BC197E29349}"
EndProject
Project("{FAE04EC0-301F-11D3-BF4B-00C04F79EFBC}") = "CaroGame.Data", "src\CaroGame.Data\CaroGame.Data.csproj", "{080C9B8F-238F-4519-8D6A-894ACFE92E4E}"
EndProject
Project("{2150E333-8FDC-42A3-9474-1A3956D46DE8}") = "tests", "tests", "{0AB3BF05-4346-4AA6-1389-037BE0695223}"
EndProject
Project("{FAE04EC0-301F-11D3-BF4B-00C04F79EFBC}") = "CaroGame.Core.Tests", "tests\CaroGame.Core.Tests\CaroGame.Core.Tests.csproj", "{1671AB6C-48CD-4BCA-809A-9EB374A602AF}"
EndProject
Project("{FAE04EC0-301F-11D3-BF4B-00C04F79EFBC}") = "CaroGame.Wpf", "src\CaroGame.Wpf\CaroGame.Wpf.csproj", "{C01077A8-063F-46E0-9969-E4E4EF02C378}"
EndProject
Project("{FAE04EC0-301F-11D3-BF4B-00C04F79EFBC}") = "CaroGame.Server", "src\CaroGame.Server\CaroGame.Server.csproj", "{76263DA0-EF8E-4411-9F76-087D41910770}"
EndProject
Global
	GlobalSection(SolutionConfigurationPlatforms) = preSolution
		Debug|Any CPU = Debug|Any CPU
		Debug|x64 = Debug|x64
		Debug|x86 = Debug|x86
		Release|Any CPU = Release|Any CPU
		Release|x64 = Release|x64
		Release|x86 = Release|x86
	EndGlobalSection
	GlobalSection(ProjectConfigurationPlatforms) = postSolution
		{94F99E3E-997E-4DBF-BFA5-5BC197E29349}.Debug|Any CPU.ActiveCfg = Debug|Any CPU
		{94F99E3E-997E-4DBF-BFA5-5BC197E29349}.Debug|Any CPU.Build.0 = Debug|Any CPU
		{94F99E3E-997E-4DBF-BFA5-5BC197E29349}.Debug|x64.ActiveCfg = Debug|Any CPU
		{94F99E3E-997E-4DBF-BFA5-5BC197E29349}.Debug|x64.Build.0 = Debug|Any CPU
		{94F99E3E-997E-4DBF-BFA5-5BC197E29349}.Debug|x86.ActiveCfg = Debug|Any CPU
		{94F99E3E-997E-4DBF-BFA5-5BC197E29349}.Debug|x86.Build.0 = Debug|Any CPU
		{94F99E3E-997E-4DBF-BFA5-5BC197E29349}.Release|Any CPU.ActiveCfg = Release|Any CPU
		{94F99E3E-997E-4DBF-BFA5-5BC197E29349}.Release|Any CPU.Build.0 = Release|Any CPU
		{94F99E3E-997E-4DBF-BFA5-5BC197E29349}.Release|x64.ActiveCfg = Release|Any CPU
		{94F99E3E-997E-4DBF-BFA5-5BC197E29349}.Release|x64.Build.0 = Release|Any CPU
		{94F99E3E-997E-4DBF-BFA5-5BC197E29349}.Release|x86.ActiveCfg = Release|Any CPU
		{94F99E3E-997E-4DBF-BFA5-5BC197E29349}.Release|x86.Build.0 = Release|Any CPU
		{080C9B8F-238F-4519-8D6A-894ACFE92E4E}.Debug|Any CPU.ActiveCfg = Debug|Any CPU
		{080C9B8F-238F-4519-8D6A-894ACFE92E4E}.Debug|Any CPU.Build.0 = Debug|Any CPU
		{080C9B8F-238F-4519-8D6A-894ACFE92E4E}.Debug|x64.ActiveCfg = Debug|Any CPU
		{080C9B8F-238F-4519-8D6A-894ACFE92E4E}.Debug|x64.Build.0 = Debug|Any CPU
		{080C9B8F-238F-4519-8D6A-894ACFE92E4E}.Debug|x86.ActiveCfg = Debug|Any CPU
		{080C9B8F-238F-4519-8D6A-894ACFE92E4E}.Debug|x86.Build.0 = Debug|Any CPU
		{080C9B8F-238F-4519-8D6A-894ACFE92E4E}.Release|Any CPU.ActiveCfg = Release|Any CPU
		{080C9B8F-238F-4519-8D6A-894ACFE92E4E}.Release|Any CPU.Build.0 = Release|Any CPU
		{080C9B8F-238F-4519-8D6A-894ACFE92E4E}.Release|x64.ActiveCfg = Release|Any CPU
		{080C9B8F-238F-4519-8D6A-894ACFE92E4E}.Release|x64.Build.0 = Release|Any CPU
		{080C9B8F-238F-4519-8D6A-894ACFE92E4E}.Release|x86.ActiveCfg = Release|Any CPU
		{080C9B8F-238F-4519-8D6A-894ACFE92E4E}.Release|x86.Build.0 = Release|Any CPU
		{1671AB6C-48CD-4BCA-809A-9EB374A602AF}.Debug|Any CPU.ActiveCfg = Debug|Any CPU
		{1671AB6C-48CD-4BCA-809A-9EB374A602AF}.Debug|Any CPU.Build.0 = Debug|Any CPU
		{1671AB6C-48CD-4BCA-809A-9EB374A602AF}.Debug|x64.ActiveCfg = Debug|Any CPU
		{1671AB6C-48CD-4BCA-809A-9EB374A602AF}.Debug|x64.Build.0 = Debug|Any CPU
		{1671AB6C-48CD-4BCA-809A-9EB374A602AF}.Debug|x86.ActiveCfg = Debug|Any CPU
		{1671AB6C-48CD-4BCA-809A-9EB374A602AF}.Debug|x86.Build.0 = Debug|Any CPU
		{1671AB6C-48CD-4BCA-809A-9EB374A602AF}.Release|Any CPU.ActiveCfg = Release|Any CPU
		{1671AB6C-48CD-4BCA-809A-9EB374A602AF}.Release|Any CPU.Build.0 = Release|Any CPU
		{1671AB6C-48CD-4BCA-809A-9EB374A602AF}.Release|x64.ActiveCfg = Release|Any CPU
		{1671AB6C-48CD-4BCA-809A-9EB374A602AF}.Release|x64.Build.0 = Release|Any CPU
		{1671AB6C-48CD-4BCA-809A-9EB374A602AF}.Release|x86.ActiveCfg = Release|Any CPU
		{1671AB6C-48CD-4BCA-809A-9EB374A602AF}.Release|x86.Build.0 = Release|Any CPU
		{C01077A8-063F-46E0-9969-E4E4EF02C378}.Debug|Any CPU.ActiveCfg = Debug|Any CPU
		{C01077A8-063F-46E0-9969-E4E4EF02C378}.Debug|Any CPU.Build.0 = Debug|Any CPU
		{C01077A8-063F-46E0-9969-E4E4EF02C378}.Debug|x64.ActiveCfg = Debug|Any CPU
		{C01077A8-063F-46E0-9969-E4E4EF02C378}.Debug|x64.Build.0 = Debug|Any CPU
		{C01077A8-063F-46E0-9969-E4E4EF02C378}.Debug|x86.ActiveCfg = Debug|Any CPU
		{C01077A8-063F-46E0-9969-E4E4EF02C378}.Debug|x86.Build.0 = Debug|Any CPU
		{C01077A8-063F-46E0-9969-E4E4EF02C378}.Release|Any CPU.ActiveCfg = Release|Any CPU
		{C01077A8-063F-46E0-9969-E4E4EF02C378}.Release|Any CPU.Build.0 = Release|Any CPU
		{C01077A8-063F-46E0-9969-E4E4EF02C378}.Release|x64.ActiveCfg = Release|Any CPU
		{C01077A8-063F-46E0-9969-E4E4EF02C378}.Release|x64.Build.0 = Release|Any CPU
		{C01077A8-063F-46E0-9969-E4E4EF02C378}.Release|x86.ActiveCfg = Release|Any CPU
		{C01077A8-063F-46E0-9969-E4E4EF02C378}.Release|x86.Build.0 = Release|Any CPU
		{76263DA0-EF8E-4411-9F76-087D41910770}.Debug|Any CPU.ActiveCfg = Debug|Any CPU
		{76263DA0-EF8E-4411-9F76-087D41910770}.Debug|Any CPU.Build.0 = Debug|Any CPU
		{76263DA0-EF8E-4411-9F76-087D41910770}.Debug|x64.ActiveCfg = Debug|Any CPU
		{76263DA0-EF8E-4411-9F76-087D41910770}.Debug|x64.Build.0 = Debug|Any CPU
		{76263DA0-EF8E-4411-9F76-087D41910770}.Debug|x86.ActiveCfg = Debug|Any CPU
		{76263DA0-EF8E-4411-9F76-087D41910770}.Debug|x86.Build.0 = Debug|Any CPU
		{76263DA0-EF8E-4411-9F76-087D41910770}.Release|Any CPU.ActiveCfg = Release|Any CPU
		{76263DA0-EF8E-4411-9F76-087D41910770}.Release|Any CPU.Build.0 = Release|Any CPU
		{76263DA0-EF8E-4411-9F76-087D41910770}.Release|x64.ActiveCfg = Release|Any CPU
		{76263DA0-EF8E-4411-9F76-087D41910770}.Release|x64.Build.0 = Release|Any CPU
		{76263DA0-EF8E-4411-9F76-087D41910770}.Release|x86.ActiveCfg = Release|Any CPU
		{76263DA0-EF8E-4411-9F76-087D41910770}.Release|x86.Build.0 = Release|Any CPU
	EndGlobalSection
	GlobalSection(SolutionProperties) = preSolution
		HideSolutionNode = FALSE
	EndGlobalSection
	GlobalSection(NestedProjects) = preSolution
		{94F99E3E-997E-4DBF-BFA5-5BC197E29349} = {827E0CD3-B72D-47B6-A68D-7590B98EB39B}
		{080C9B8F-238F-4519-8D6A-894ACFE92E4E} = {827E0CD3-B72D-47B6-A68D-7590B98EB39B}
		{1671AB6C-48CD-4BCA-809A-9EB374A602AF} = {0AB3BF05-4346-4AA6-1389-037BE0695223}
		{C01077A8-063F-46E0-9969-E4E4EF02C378} = {827E0CD3-B72D-47B6-A68D-7590B98EB39B}
		{76263DA0-EF8E-4411-9F76-087D41910770} = {827E0CD3-B72D-47B6-A68D-7590B98EB39B}
	EndGlobalSection
EndGlobal
